# This file is @generated by PDM.
# It is not intended for manual editing.

[metadata]
groups = ["default"]
strategy = ["inherit_metadata"]
lock_version = "4.5.0"
content_hash = "sha256:911de8df5695b7b12aa6ee68e67b6e1c7417f3cbebf8f398801ef6f6b895cde5"

[[metadata.targets]]
requires_python = "==3.12.*"

[[package]]
name = "pymupdf"
version = "1.24.10"
requires_python = ">=3.8"
summary = "A high performance Python library for data extraction, analysis, conversion & manipulation of PDF (and other) documents."
groups = ["default"]
dependencies = [
    "PyMuPDFb==1.24.10",
]
files = [
    {file = "PyMuPDF-1.24.10-cp312-none-macosx_10_9_x86_64.whl", hash = "sha256:f323aa7bb55e0214e632bfe24fa140bd5dcfeac2d3977bdce46e760385140513"},
    {file = "PyMuPDF-1.24.10-cp312-none-macosx_11_0_arm64.whl", hash = "sha256:50d2972558d25ce46a8634b58787b28dbeff9b3fe4299530fc9c8c9921061e83"},
    {file = "PyMuPDF-1.24.10-cp312-none-manylinux2014_aarch64.whl", hash = "sha256:0e3969c2fdff682b3b2c6a2b463adde068d6d8e20e2133ef6c8503469259646a"},
    {file = "PyMuPDF-1.24.10-cp312-none-manylinux2014_x86_64.whl", hash = "sha256:cd78ee1ebefdfe72bc36fd4b731cc8c694eb8ef5337d8ea956b0e94cd88751fc"},
    {file = "PyMuPDF-1.24.10-cp312-none-musllinux_1_2_x86_64.whl", hash = "sha256:696eed91d2ee44e76277dfeb6bd904c84ae005378588949df6ed9be9e03b9817"},
    {file = "PyMuPDF-1.24.10-cp312-none-win32.whl", hash = "sha256:1e5413e1aeab2f18e1ca1b3ff17057a4a7c5cbf4ff14abc93203da88fc1a1dd8"},
    {file = "PyMuPDF-1.24.10-cp312-none-win_amd64.whl", hash = "sha256:227a4473fce8fa32b9268da68781048795503b67dc045867fc201e1334204bf1"},
    {file = "PyMuPDF-1.24.10.tar.gz", hash = "sha256:bd3ebd6d3fb8a845582098362f885bfb0a31ae4272587efc2c55c5e29fe7327a"},
]

[[package]]
name = "pymupdfb"
version = "1.24.10"
requires_python = ">=3.8"
summary = "MuPDF shared libraries for PyMuPDF."
groups = ["default"]
files = [
    {file = "PyMuPDFb-1.24.10-py3-none-macosx_10_9_x86_64.whl", hash = "sha256:cd6b24630d90dce9ab3e59d06c5e616686f8d7ec626be1311721fcb062aa0078"},
    {file = "PyMuPDFb-1.24.10-py3-none-macosx_11_0_arm64.whl", hash = "sha256:fda2c34b206f724b1b5685b67188e2a57bcaa5c99bc40a0a5bc62057514c5cdf"},
    {file = "PyMuPDFb-1.24.10-py3-none-manylinux2014_aarch64.manylinux_2_17_aarch64.whl", hash = "sha256:4f50a7472f9bb10cbc7a1cd589ee4626ca030b8a4a02749f9a29eb6f00c0e0db"},
    {file = "PyMuPDFb-1.24.10-py3-none-manylinux2014_x86_64.manylinux_2_17_x86_64.whl", hash = "sha256:409f1270ef2e70d845e80149ff3db9cfed578274042316cba55cc3e3882421ea"},
    {file = "PyMuPDFb-1.24.10-py3-none-musllinux_1_2_x86_64.whl", hash = "sha256:aca96b6e9ee3096a26810592f4d899f4d3cf3cf0c902ae7e8cca09bce4d946c4"},
    {file = "PyMuPDFb-1.24.10-py3-none-win32.whl", hash = "sha256:2d231b42fe3bf79837df235e7fbdf7ff8b46bf4ca1346d0f0124fb1cdd343ce8"},
    {file = "PyMuPDFb-1.24.10-py3-none-win_amd64.whl", hash = "sha256:27ea65c701608b6b7632703339ca33ea6d513843b26dbe9bdefb2f56f7b9b196"},
    {file = "PyMuPDFb-1.24.10.tar.gz", hash = "sha256:007b91fa9b528c5c0eecea2e49c486ac02e878274f9e31522bdd948adc5f8327"},
]
